
Microsoft Visual Studio Solution File, Format Version 12.00
# Visual Studio Version 17
VisualStudioVersion = 17.9.34723.18
MinimumVisualStudioVersion = 10.0.40219.1
Project("{FAE04EC0-301F-11D3-BF4B-00C04F79EFBC}") = "Calculadora.Android", "Calculadora\Calculadora.Android\Calculadora.Android.csproj", "{E8EFBB89-57A5-41FC-AC40-C46DBDC0CA78}"
EndProject
Project("{FAE04EC0-301F-11D3-BF4B-00C04F79EFBC}") = "Calculadora", "Calculadora\Calculadora\Calculadora.csproj", "{779AB43C-5B41-4E5B-AA3F-3C22A7C02BF2}"
EndProject
Global
	GlobalSection(SolutionConfigurationPlatforms) = preSolution
		Debug|Any CPU = Debug|Any CPU
		Release|Any CPU = Release|Any CPU
	EndGlobalSection
	GlobalSection(ProjectConfigurationPlatforms) = postSolution
		{E8EFBB89-57A5-41FC-AC40-C46DBDC0CA78}.Debug|Any CPU.ActiveCfg = Debug|Any CPU
		{E8EFBB89-57A5-41FC-AC40-C46DBDC0CA78}.Debug|Any CPU.Build.0 = Debug|Any CPU
		{E8EFBB89-57A5-41FC-AC40-C46DBDC0CA78}.Debug|Any CPU.Deploy.0 = Debug|Any CPU
		{E8EFBB89-57A5-41FC-AC40-C46DBDC0CA78}.Release|Any CPU.ActiveCfg = Release|Any CPU
		{E8EFBB89-57A5-41FC-AC40-C46DBDC0CA78}.Release|Any CPU.Build.0 = Release|Any CPU
		{E8EFBB89-57A5-41FC-AC40-C46DBDC0CA78}.Release|Any CPU.Deploy.0 = Release|Any CPU
		{779AB43C-5B41-4E5B-AA3F-3C22A7C02BF2}.Debug|Any CPU.ActiveCfg = Debug|Any CPU
		{779AB43C-5B41-4E5B-AA3F-3C22A7C02BF2}.Debug|Any CPU.Build.0 = Debug|Any CPU
		{779AB43C-5B41-4E5B-AA3F-3C22A7C02BF2}.Debug|Any CPU.Deploy.0 = Debug|Any CPU
		{779AB43C-5B41-4E5B-AA3F-3C22A7C02BF2}.Release|Any CPU.ActiveCfg = Release|Any CPU
		{779AB43C-5B41-4E5B-AA3F-3C22A7C02BF2}.Release|Any CPU.Build.0 = Release|Any CPU
		{779AB43C-5B41-4E5B-AA3F-3C22A7C02BF2}.Release|Any CPU.Deploy.0 = Release|Any CPU
	EndGlobalSection
	GlobalSection(SolutionProperties) = preSolution
		HideSolutionNode = FALSE
	EndGlobalSection
	GlobalSection(ExtensibilityGlobals) = postSolution
		SolutionGuid = {74CD8B75-0B8B-42FE-97ED-BA9ECE598D52}
	EndGlobalSection
EndGlobal
